
Microsoft Visual Studio Solution File, Format Version 12.00
# Visual Studio Version 17
VisualStudioVersion = 17.0.32014.148
MinimumVisualStudioVersion = 10.0.40219.1
Project("{FAE04EC0-301F-11D3-BF4B-00C04F79EFBC}") = "ProgramacionOrientadaObjetos", "ProgramacionOrientadaObjetos.csproj", "{4AAFE549-3C38-440F-B52D-5F616A3D0F6A}"
EndProject
Global
	GlobalSection(SolutionConfigurationPlatforms) = preSolution
		Debug|Any CPU = Debug|Any CPU
		Release|Any CPU = Release|Any CPU
	EndGlobalSection
	GlobalSection(ProjectConfigurationPlatforms) = postSolution
		{4AAFE549-3C38-440F-B52D-5F616A3D0F6A}.Debug|Any CPU.ActiveCfg = Debug|Any CPU
		{4AAFE549-3C38-440F-B52D-5F616A3D0F6A}.Debug|Any CPU.Build.0 = Debug|Any CPU
		{4AAFE549-3C38-440F-B52D-5F616A3D0F6A}.Release|Any CPU.ActiveCfg = Release|Any CPU
		{4AAFE549-3C38-440F-B52D-5F616A3D0F6A}.Release|Any CPU.Build.0 = Release|Any CPU
	EndGlobalSection
	GlobalSection(SolutionProperties) = preSolution
		HideSolutionNode = FALSE
	EndGlobalSection
	GlobalSection(ExtensibilityGlobals) = postSolution
		SolutionGuid = {DCD0CDD3-DEA8-4398-8E18-072B2BE658BB}
	EndGlobalSection
EndGlobal
